schema: '2.0'
stages:
  prepare:
    cmd: python3.12 src/prepare.py data/raw data/prepared
    deps:
    - path: data/raw
      hash: md5
      md5: 1a2b5ad49fe11a48f16f408624184a74.dir
      size: 9002123
      nfiles: 1638
    - path: src/prepare.py
      hash: md5
      md5: d4f3312976ced5ace2cdab70239d544a
      size: 2514
    - path: src/utils/seed.py
      hash: md5
      md5: 3a792a2e3aece6c04c2756bc133a5cd1
      size: 438
    params:
      params.yaml:
        prepare:
          seed: 77
          split: 0.2
          image_size:
          - 64
          - 64
          grayscale: false
    outs:
    - path: data/prepared
      hash: md5
      md5: bbd5b19da55f9dddd50e1fbec56a6923.dir
      size: 80765343
      nfiles: 8
  train:
    cmd: python3.12 src/train.py data/prepared model
    deps:
    - path: data/prepared
      hash: md5
      md5: bbd5b19da55f9dddd50e1fbec56a6923.dir
      size: 80765343
      nfiles: 8
    - path: src/train.py
      hash: md5
      md5: 94653c366c27a8975e3534d0f90c2999
      size: 3857
    - path: src/utils/seed.py
      hash: md5
      md5: 3a792a2e3aece6c04c2756bc133a5cd1
      size: 438
    params:
      params.yaml:
        train:
          seed: 77
          lr: 0.0002
          epochs: 15
          conv_size: 96
          dense_size: 192
          output_classes: 11
    outs:
    - path: model
      hash: md5
      md5: 43546882cff55cbfb3c8dcd1d5c9cd11.dir
      size: 73780756
      nfiles: 2
  evaluate:
    cmd: python3.12 src/evaluate.py model data/prepared
    deps:
    - path: model
      hash: md5
      md5: 43546882cff55cbfb3c8dcd1d5c9cd11.dir
      size: 73780756
      nfiles: 2
    - path: src/evaluate.py
      hash: md5
      md5: 527f2fc7de92407c8919b886c77635fd
      size: 5481
    outs:
    - path: evaluation/metrics.json
      hash: md5
      md5: bb5afb42df9b9f6221bacf56068ce47a
      size: 65
    - path: evaluation/plots/confusion_matrix.png
      hash: md5
      md5: 8155514e709cc8bb48ea88b6e5879728
      size: 42578
    - path: evaluation/plots/pred_preview.png
      hash: md5
      md5: 60e3eacba0f6f0f8dc48a1fc1b477cec
      size: 275647
    - path: evaluation/plots/training_history.png
      hash: md5
      md5: c59f730e89ab69971422fa27bb6761b3
      size: 33647
